# THIS IS AN AUTOGENERATED FILE. DO NOT EDIT THIS FILE DIRECTLY.
# yarn lockfile v1


"@types/docopt@^0.6.31":
  version "0.6.31"
  resolved "https://registry.yarnpkg.com/@types/docopt/-/docopt-0.6.31.tgz#f950dc85682858422fb86b6e27f549f539d15e34"
  integrity sha512-GvX4PhD2u/JV+BmPFXfR8F3cez8cV7WdlTzLA0gB/ckYMMmI2voIKdW3CoKC7dj1K08YC8/M5oACLj410A96fQ==

docopt@^0.6.2:
  version "0.6.2"
  resolved "https://registry.yarnpkg.com/docopt/-/docopt-0.6.2.tgz#b28e9e2220da5ec49f7ea5bb24a47787405eeb11"
  integrity sha1-so6eIiDaXsSffqW7JKR3h0Be6xE=
